
Microsoft Visual Studio Solution File, Format Version 12.00
# Visual Studio Version 17
VisualStudioVersion = 17.0.32014.148
MinimumVisualStudioVersion = 10.0.40219.1
Project("{FAE04EC0-301F-11D3-BF4B-00C04F79EFBC}") = "WFA220117", "WFA220117.csproj", "{C17ABFAE-D468-4F49-9B33-EA7ADD20DAC5}"
EndProject
Global
	GlobalSection(SolutionConfigurationPlatforms) = preSolution
		Debug|Any CPU = Debug|Any CPU
		Release|Any CPU = Release|Any CPU
	EndGlobalSection
	GlobalSection(ProjectConfigurationPlatforms) = postSolution
		{C17ABFAE-D468-4F49-9B33-EA7ADD20DAC5}.Debug|Any CPU.ActiveCfg = Debug|Any CPU
		{C17ABFAE-D468-4F49-9B33-EA7ADD20DAC5}.Debug|Any CPU.Build.0 = Debug|Any CPU
		{C17ABFAE-D468-4F49-9B33-EA7ADD20DAC5}.Release|Any CPU.ActiveCfg = Release|Any CPU
		{C17ABFAE-D468-4F49-9B33-EA7ADD20DAC5}.Release|Any CPU.Build.0 = Release|Any CPU
	EndGlobalSection
	GlobalSection(SolutionProperties) = preSolution
		HideSolutionNode = FALSE
	EndGlobalSection
	GlobalSection(ExtensibilityGlobals) = postSolution
		SolutionGuid = {C8620FED-EBC9-4A60-B2E2-C7426C1318B9}
	EndGlobalSection
EndGlobal
